
Microsoft Visual Studio Solution File, Format Version 12.00
# Visual Studio 15
VisualStudioVersion = 15.0.26730.15
MinimumVisualStudioVersion = 10.0.40219.1
Project("{FAE04EC0-301F-11D3-BF4B-00C04F79EFBC}") = "Calculator", "Calculator\Calculator.csproj", "{92662C14-7776-43B4-92DC-33F81F67EE95}"
EndProject
Global
	GlobalSection(SolutionConfigurationPlatforms) = preSolution
		Debug|Any CPU = Debug|Any CPU
		Release|Any CPU = Release|Any CPU
	EndGlobalSection
	GlobalSection(ProjectConfigurationPlatforms) = postSolution
		{92662C14-7776-43B4-92DC-33F81F67EE95}.Debug|Any CPU.ActiveCfg = Debug|Any CPU
		{92662C14-7776-43B4-92DC-33F81F67EE95}.Debug|Any CPU.Build.0 = Debug|Any CPU
		{92662C14-7776-43B4-92DC-33F81F67EE95}.Release|Any CPU.ActiveCfg = Release|Any CPU
		{92662C14-7776-43B4-92DC-33F81F67EE95}.Release|Any CPU.Build.0 = Release|Any CPU
	EndGlobalSection
	GlobalSection(SolutionProperties) = preSolution
		HideSolutionNode = FALSE
	EndGlobalSection
	GlobalSection(ExtensibilityGlobals) = postSolution
		SolutionGuid = {3F62D65D-7134-4BA8-877F-76C2E2F4FC00}
	EndGlobalSection
EndGlobal
